
Microsoft Visual Studio Solution File, Format Version 12.00
# Visual Studio Version 17
VisualStudioVersion = 17.9.34723.18
MinimumVisualStudioVersion = 10.0.40219.1
Project("{FAE04EC0-301F-11D3-BF4B-00C04F79EFBC}") = "Funciones", "Funciones.csproj", "{AC81AD7C-158B-47E2-AF64-4C28144E8DC7}"
EndProject
Global
	GlobalSection(SolutionConfigurationPlatforms) = preSolution
		Debug|Any CPU = Debug|Any CPU
		Release|Any CPU = Release|Any CPU
	EndGlobalSection
	GlobalSection(ProjectConfigurationPlatforms) = postSolution
		{AC81AD7C-158B-47E2-AF64-4C28144E8DC7}.Debug|Any CPU.ActiveCfg = Debug|Any CPU
		{AC81AD7C-158B-47E2-AF64-4C28144E8DC7}.Debug|Any CPU.Build.0 = Debug|Any CPU
		{AC81AD7C-158B-47E2-AF64-4C28144E8DC7}.Release|Any CPU.ActiveCfg = Release|Any CPU
		{AC81AD7C-158B-47E2-AF64-4C28144E8DC7}.Release|Any CPU.Build.0 = Release|Any CPU
	EndGlobalSection
	GlobalSection(SolutionProperties) = preSolution
		HideSolutionNode = FALSE
	EndGlobalSection
	GlobalSection(ExtensibilityGlobals) = postSolution
		SolutionGuid = {39D38229-20D2-4F75-A8A0-E476F5BDF1D1}
	EndGlobalSection
EndGlobal
